
Microsoft Visual Studio Solution File, Format Version 12.00
# Visual Studio Version 17
VisualStudioVersion = 17.0.31903.59
MinimumVisualStudioVersion = 10.0.40219.1
Project("{2150E333-8FDC-42A3-9474-1A3956D46DE8}") = "HTTP 5125 Back-End Development", "HTTP 5125 Back-End Development", "{E0E88F08-D564-23C9-532D-DBA10D75BB1C}"
EndProject
Project("{2150E333-8FDC-42A3-9474-1A3956D46DE8}") = "0. Practice", "0. Practice", "{C904AD14-8F38-C9F8-BFD5-AC4F654CE82C}"
EndProject
Project("{FAE04EC0-301F-11D3-BF4B-00C04F79EFBC}") = "ObjectOrientedProgrammingBasic", "HTTP 5125 Back-End Development\0. Practice\ObjectOrientedProgrammingBasic\ObjectOrientedProgrammingBasic.csproj", "{5E385917-4395-4978-B5B4-459C682D9C0F}"
EndProject
Project("{FAE04EC0-301F-11D3-BF4B-00C04F79EFBC}") = "Inheritance", "HTTP 5125 Back-End Development\0. Practice\Inheritance\Inheritance.csproj", "{B33DA344-EEB6-45F2-9ACE-BEF702EA7354}"
EndProject
Global
	GlobalSection(SolutionConfigurationPlatforms) = preSolution
		Debug|Any CPU = Debug|Any CPU
		Debug|x64 = Debug|x64
		Debug|x86 = Debug|x86
		Release|Any CPU = Release|Any CPU
		Release|x64 = Release|x64
		Release|x86 = Release|x86
	EndGlobalSection
	GlobalSection(ProjectConfigurationPlatforms) = postSolution
		{5E385917-4395-4978-B5B4-459C682D9C0F}.Debug|Any CPU.ActiveCfg = Debug|Any CPU
		{5E385917-4395-4978-B5B4-459C682D9C0F}.Debug|Any CPU.Build.0 = Debug|Any CPU
		{5E385917-4395-4978-B5B4-459C682D9C0F}.Debug|x64.ActiveCfg = Debug|Any CPU
		{5E385917-4395-4978-B5B4-459C682D9C0F}.Debug|x64.Build.0 = Debug|Any CPU
		{5E385917-4395-4978-B5B4-459C682D9C0F}.Debug|x86.ActiveCfg = Debug|Any CPU
		{5E385917-4395-4978-B5B4-459C682D9C0F}.Debug|x86.Build.0 = Debug|Any CPU
		{5E385917-4395-4978-B5B4-459C682D9C0F}.Release|Any CPU.ActiveCfg = Release|Any CPU
		{5E385917-4395-4978-B5B4-459C682D9C0F}.Release|Any CPU.Build.0 = Release|Any CPU
		{5E385917-4395-4978-B5B4-459C682D9C0F}.Release|x64.ActiveCfg = Release|Any CPU
		{5E385917-4395-4978-B5B4-459C682D9C0F}.Release|x64.Build.0 = Release|Any CPU
		{5E385917-4395-4978-B5B4-459C682D9C0F}.Release|x86.ActiveCfg = Release|Any CPU
		{5E385917-4395-4978-B5B4-459C682D9C0F}.Release|x86.Build.0 = Release|Any CPU
		{B33DA344-EEB6-45F2-9ACE-BEF702EA7354}.Debug|Any CPU.ActiveCfg = Debug|Any CPU
		{B33DA344-EEB6-45F2-9ACE-BEF702EA7354}.Debug|Any CPU.Build.0 = Debug|Any CPU
		{B33DA344-EEB6-45F2-9ACE-BEF702EA7354}.Debug|x64.ActiveCfg = Debug|Any CPU
		{B33DA344-EEB6-45F2-9ACE-BEF702EA7354}.Debug|x64.Build.0 = Debug|Any CPU
		{B33DA344-EEB6-45F2-9ACE-BEF702EA7354}.Debug|x86.ActiveCfg = Debug|Any CPU
		{B33DA344-EEB6-45F2-9ACE-BEF702EA7354}.Debug|x86.Build.0 = Debug|Any CPU
		{B33DA344-EEB6-45F2-9ACE-BEF702EA7354}.Release|Any CPU.ActiveCfg = Release|Any CPU
		{B33DA344-EEB6-45F2-9ACE-BEF702EA7354}.Release|Any CPU.Build.0 = Release|Any CPU
		{B33DA344-EEB6-45F2-9ACE-BEF702EA7354}.Release|x64.ActiveCfg = Release|Any CPU
		{B33DA344-EEB6-45F2-9ACE-BEF702EA7354}.Release|x64.Build.0 = Release|Any CPU
		{B33DA344-EEB6-45F2-9ACE-BEF702EA7354}.Release|x86.ActiveCfg = Release|Any CPU
		{B33DA344-EEB6-45F2-9ACE-BEF702EA7354}.Release|x86.Build.0 = Release|Any CPU
	EndGlobalSection
	GlobalSection(SolutionProperties) = preSolution
		HideSolutionNode = FALSE
	EndGlobalSection
	GlobalSection(NestedProjects) = preSolution
		{C904AD14-8F38-C9F8-BFD5-AC4F654CE82C} = {E0E88F08-D564-23C9-532D-DBA10D75BB1C}
		{5E385917-4395-4978-B5B4-459C682D9C0F} = {C904AD14-8F38-C9F8-BFD5-AC4F654CE82C}
		{B33DA344-EEB6-45F2-9ACE-BEF702EA7354} = {C904AD14-8F38-C9F8-BFD5-AC4F654CE82C}
	EndGlobalSection
EndGlobal
