Microsoft Visual Studio Solution File, Format Version 12.00
# Visual Studio Version 17
VisualStudioVersion = 17.5.2.0
MinimumVisualStudioVersion = 10.0.40219.1
Project("{FAE04EC0-301F-11D3-BF4B-00C04F79EFBC}") = "SpaBookingSystem", "SpaBookingSystem.csproj", "{A9FF111E-0F6C-D4DE-1ED4-CCCCAB4110ED}"
EndProject
Global
	GlobalSection(SolutionConfigurationPlatforms) = preSolution
		Debug|Any CPU = Debug|Any CPU
		Release|Any CPU = Release|Any CPU
	EndGlobalSection
	GlobalSection(ProjectConfigurationPlatforms) = postSolution
		{A9FF111E-0F6C-D4DE-1ED4-CCCCAB4110ED}.Debug|Any CPU.ActiveCfg = Debug|Any CPU
		{A9FF111E-0F6C-D4DE-1ED4-CCCCAB4110ED}.Debug|Any CPU.Build.0 = Debug|Any CPU
		{A9FF111E-0F6C-D4DE-1ED4-CCCCAB4110ED}.Release|Any CPU.ActiveCfg = Release|Any CPU
		{A9FF111E-0F6C-D4DE-1ED4-CCCCAB4110ED}.Release|Any CPU.Build.0 = Release|Any CPU
	EndGlobalSection
	GlobalSection(SolutionProperties) = preSolution
		HideSolutionNode = FALSE
	EndGlobalSection
	GlobalSection(ExtensibilityGlobals) = postSolution
		SolutionGuid = {C7182F32-541C-45B6-8C9A-82E7AEF1A419}
	EndGlobalSection
EndGlobal
